
Microsoft Visual Studio Solution File, Format Version 12.00
# Visual Studio Version 16
VisualStudioVersion = 16.0.30717.126
MinimumVisualStudioVersion = 10.0.40219.1
Project("{9A19103F-16F7-4668-BE54-9A1E7A4F7556}") = "IA_Reconhecimento_Facial", "IA_Reconhecimento_Facial.csproj", "{887809C6-C232-466D-94A0-A5B3F168C6AA}"
EndProject
Global
	GlobalSection(SolutionConfigurationPlatforms) = preSolution
		Debug|Any CPU = Debug|Any CPU
		Release|Any CPU = Release|Any CPU
	EndGlobalSection
	GlobalSection(ProjectConfigurationPlatforms) = postSolution
		{887809C6-C232-466D-94A0-A5B3F168C6AA}.Debug|Any CPU.ActiveCfg = Debug|Any CPU
		{887809C6-C232-466D-94A0-A5B3F168C6AA}.Debug|Any CPU.Build.0 = Debug|Any CPU
		{887809C6-C232-466D-94A0-A5B3F168C6AA}.Release|Any CPU.ActiveCfg = Release|Any CPU
		{887809C6-C232-466D-94A0-A5B3F168C6AA}.Release|Any CPU.Build.0 = Release|Any CPU
	EndGlobalSection
	GlobalSection(SolutionProperties) = preSolution
		HideSolutionNode = FALSE
	EndGlobalSection
	GlobalSection(ExtensibilityGlobals) = postSolution
		SolutionGuid = {609F5AC5-324D-4BBA-AF9F-EE47D08D87DB}
	EndGlobalSection
EndGlobal
